
Microsoft Visual Studio Solution File, Format Version 12.00
# Visual Studio Version 16
VisualStudioVersion = 16.0.30907.101
MinimumVisualStudioVersion = 10.0.40219.1
Project("{FAE04EC0-301F-11D3-BF4B-00C04F79EFBC}") = "ciderpaysample", "ciderpaysample.csproj", "{88B07B1A-B1F0-43CC-AFB3-57560A22FF8C}"
EndProject
Global
	GlobalSection(SolutionConfigurationPlatforms) = preSolution
		Debug|Any CPU = Debug|Any CPU
		Release|Any CPU = Release|Any CPU
	EndGlobalSection
	GlobalSection(ProjectConfigurationPlatforms) = postSolution
		{88B07B1A-B1F0-43CC-AFB3-57560A22FF8C}.Debug|Any CPU.ActiveCfg = Debug|Any CPU
		{88B07B1A-B1F0-43CC-AFB3-57560A22FF8C}.Debug|Any CPU.Build.0 = Debug|Any CPU
		{88B07B1A-B1F0-43CC-AFB3-57560A22FF8C}.Release|Any CPU.ActiveCfg = Release|Any CPU
		{88B07B1A-B1F0-43CC-AFB3-57560A22FF8C}.Release|Any CPU.Build.0 = Release|Any CPU
	EndGlobalSection
	GlobalSection(SolutionProperties) = preSolution
		HideSolutionNode = FALSE
	EndGlobalSection
	GlobalSection(ExtensibilityGlobals) = postSolution
		SolutionGuid = {7905AFAE-BEC0-42E8-97A4-8E1164934F5D}
	EndGlobalSection
EndGlobal
